
Microsoft Visual Studio Solution File, Format Version 12.00
# Visual Studio Version 16
VisualStudioVersion = 16.0.33529.622
MinimumVisualStudioVersion = 10.0.40219.1
Project("{9A19103F-16F7-4668-BE54-9A1E7A4F7556}") = "Common", "Common\Common.csproj", "{BD1AF00F-F3CB-4F35-B9CC-606B9495A6BB}"
EndProject
Project("{9A19103F-16F7-4668-BE54-9A1E7A4F7556}") = "Entites", "Entites\Entites.csproj", "{4A860145-025A-4C30-969D-625976522C0A}"
EndProject
Project("{9A19103F-16F7-4668-BE54-9A1E7A4F7556}") = "Data", "Data\Data.csproj", "{A49B7295-2D02-48D5-9C67-8987DFD30491}"
EndProject
Project("{9A19103F-16F7-4668-BE54-9A1E7A4F7556}") = "Services", "Services\Services.csproj", "{5E25BB14-616F-4C23-838F-C590966A1E32}"
EndProject
Project("{9A19103F-16F7-4668-BE54-9A1E7A4F7556}") = "WebFrameWork", "WebFrameWork\WebFrameWork.csproj", "{C10E70BF-1EAE-45A6-AC02-B66D5F44D0FE}"
EndProject
Project("{9A19103F-16F7-4668-BE54-9A1E7A4F7556}") = "DashBoard", "DashBoard\DashBoard.csproj", "{65A88E2E-5906-4935-A81F-1DD5E5F5CF4E}"
EndProject
Project("{9A19103F-16F7-4668-BE54-9A1E7A4F7556}") = "UI", "UI\UI.csproj", "{90700A8C-C8ED-438C-A7E7-CB29C996D190}"
EndProject
Global
	GlobalSection(SolutionConfigurationPlatforms) = preSolution
		Debug|Any CPU = Debug|Any CPU
		Release|Any CPU = Release|Any CPU
	EndGlobalSection
	GlobalSection(ProjectConfigurationPlatforms) = postSolution
		{BD1AF00F-F3CB-4F35-B9CC-606B9495A6BB}.Debug|Any CPU.ActiveCfg = Debug|Any CPU
		{BD1AF00F-F3CB-4F35-B9CC-606B9495A6BB}.Debug|Any CPU.Build.0 = Debug|Any CPU
		{BD1AF00F-F3CB-4F35-B9CC-606B9495A6BB}.Release|Any CPU.ActiveCfg = Release|Any CPU
		{BD1AF00F-F3CB-4F35-B9CC-606B9495A6BB}.Release|Any CPU.Build.0 = Release|Any CPU
		{4A860145-025A-4C30-969D-625976522C0A}.Debug|Any CPU.ActiveCfg = Debug|Any CPU
		{4A860145-025A-4C30-969D-625976522C0A}.Debug|Any CPU.Build.0 = Debug|Any CPU
		{4A860145-025A-4C30-969D-625976522C0A}.Release|Any CPU.ActiveCfg = Release|Any CPU
		{4A860145-025A-4C30-969D-625976522C0A}.Release|Any CPU.Build.0 = Release|Any CPU
		{A49B7295-2D02-48D5-9C67-8987DFD30491}.Debug|Any CPU.ActiveCfg = Debug|Any CPU
		{A49B7295-2D02-48D5-9C67-8987DFD30491}.Debug|Any CPU.Build.0 = Debug|Any CPU
		{A49B7295-2D02-48D5-9C67-8987DFD30491}.Release|Any CPU.ActiveCfg = Release|Any CPU
		{A49B7295-2D02-48D5-9C67-8987DFD30491}.Release|Any CPU.Build.0 = Release|Any CPU
		{5E25BB14-616F-4C23-838F-C590966A1E32}.Debug|Any CPU.ActiveCfg = Debug|Any CPU
		{5E25BB14-616F-4C23-838F-C590966A1E32}.Debug|Any CPU.Build.0 = Debug|Any CPU
		{5E25BB14-616F-4C23-838F-C590966A1E32}.Release|Any CPU.ActiveCfg = Release|Any CPU
		{5E25BB14-616F-4C23-838F-C590966A1E32}.Release|Any CPU.Build.0 = Release|Any CPU
		{C10E70BF-1EAE-45A6-AC02-B66D5F44D0FE}.Debug|Any CPU.ActiveCfg = Debug|Any CPU
		{C10E70BF-1EAE-45A6-AC02-B66D5F44D0FE}.Debug|Any CPU.Build.0 = Debug|Any CPU
		{C10E70BF-1EAE-45A6-AC02-B66D5F44D0FE}.Release|Any CPU.ActiveCfg = Release|Any CPU
		{C10E70BF-1EAE-45A6-AC02-B66D5F44D0FE}.Release|Any CPU.Build.0 = Release|Any CPU
		{65A88E2E-5906-4935-A81F-1DD5E5F5CF4E}.Debug|Any CPU.ActiveCfg = Debug|Any CPU
		{65A88E2E-5906-4935-A81F-1DD5E5F5CF4E}.Debug|Any CPU.Build.0 = Debug|Any CPU
		{65A88E2E-5906-4935-A81F-1DD5E5F5CF4E}.Release|Any CPU.ActiveCfg = Release|Any CPU
		{65A88E2E-5906-4935-A81F-1DD5E5F5CF4E}.Release|Any CPU.Build.0 = Release|Any CPU
		{90700A8C-C8ED-438C-A7E7-CB29C996D190}.Debug|Any CPU.ActiveCfg = Debug|Any CPU
		{90700A8C-C8ED-438C-A7E7-CB29C996D190}.Debug|Any CPU.Build.0 = Debug|Any CPU
		{90700A8C-C8ED-438C-A7E7-CB29C996D190}.Release|Any CPU.ActiveCfg = Release|Any CPU
		{90700A8C-C8ED-438C-A7E7-CB29C996D190}.Release|Any CPU.Build.0 = Release|Any CPU
	EndGlobalSection
	GlobalSection(SolutionProperties) = preSolution
		HideSolutionNode = FALSE
	EndGlobalSection
	GlobalSection(ExtensibilityGlobals) = postSolution
		SolutionGuid = {37115794-2102-46DE-940F-099E73D8C3AC}
	EndGlobalSection
EndGlobal
